# THIS IS AN AUTOGENERATED FILE. DO NOT EDIT THIS FILE DIRECTLY.
# yarn lockfile v1


agentkeepalive@^2.2.0:
  version "2.2.0"
  resolved "https://registry.yarnpkg.com/agentkeepalive/-/agentkeepalive-2.2.0.tgz#c5d1bd4b129008f1163f236f86e5faea2026e2ef"

ansi-regex@^2.0.0:
  version "2.1.1"
  resolved "https://registry.yarnpkg.com/ansi-regex/-/ansi-regex-2.1.1.tgz#c3b33ab5ee360d86e0e628f0468ae7ef27d654df"

ansi-styles@^2.2.1:
  version "2.2.1"
  resolved "https://registry.yarnpkg.com/ansi-styles/-/ansi-styles-2.2.1.tgz#b432dd3358b634cf75e1e4664368240533c1ddbe"

async-listener@^0.6.0:
  version "0.6.8"
  resolved "https://registry.yarnpkg.com/async-listener/-/async-listener-0.6.8.tgz#d3556ef905d5ad77b52e52b37d68b1d8a02481f5"
  dependencies:
    semver "^5.3.0"
    shimmer "^1.1.0"

async@^2.5.0:
  version "2.5.0"
  resolved "https://registry.yarnpkg.com/async/-/async-2.5.0.tgz#843190fd6b7357a0b9e1c956edddd5ec8462b54d"
  dependencies:
    lodash "^4.14.0"

chalk@^1.0.0:
  version "1.1.3"
  resolved "https://registry.yarnpkg.com/chalk/-/chalk-1.1.3.tgz#a8115c55e4a702fe4d150abd3872822a7e09fc98"
  dependencies:
    ansi-styles "^2.2.1"
    escape-string-regexp "^1.0.2"
    has-ansi "^2.0.0"
    strip-ansi "^3.0.0"
    supports-color "^2.0.0"

continuation-local-storage@^3.1.4:
  version "3.2.0"
  resolved "https://registry.yarnpkg.com/continuation-local-storage/-/continuation-local-storage-3.2.0.tgz#e19fc36b597090a5d4e4a3b2ea3ebc5e29694a24"
  dependencies:
    async-listener "^0.6.0"
    emitter-listener "^1.0.1"

debug@^2.6.3:
  version "2.6.9"
  resolved "https://registry.yarnpkg.com/debug/-/debug-2.6.9.tgz#5d128515df134ff327e90a4c93f4e077a536341f"
  dependencies:
    ms "2.0.0"

debug@^3:
  version "3.1.0"
  resolved "https://registry.yarnpkg.com/debug/-/debug-3.1.0.tgz#5bb5a0672628b64149566ba16819e61518c67261"
  dependencies:
    ms "2.0.0"

elasticsearch@*:
  version "13.3.1"
  resolved "https://registry.yarnpkg.com/elasticsearch/-/elasticsearch-13.3.1.tgz#c530aea9afb17ea91c3d0a56f1f111ba49bc9239"
  dependencies:
    agentkeepalive "^2.2.0"
    chalk "^1.0.0"
    lodash "2.4.2"
    lodash.get "^4.4.2"
    lodash.isempty "^4.4.0"
    lodash.trimend "^4.5.1"

emitter-listener@^1.0.1:
  version "1.0.1"
  resolved "https://registry.yarnpkg.com/emitter-listener/-/emitter-listener-1.0.1.tgz#b2499ea6e58230a52c268d5df261eecd9f10fe97"
  dependencies:
    shimmer "1.0.0"

escape-string-regexp@^1.0.2:
  version "1.0.5"
  resolved "https://registry.yarnpkg.com/escape-string-regexp/-/escape-string-regexp-1.0.5.tgz#1b61c0562190a8dff6ae3bb2cf0200ca130b86d4"

extend@^3.0.0:
  version "3.0.1"
  resolved "https://registry.yarnpkg.com/extend/-/extend-3.0.1.tgz#a755ea7bc1adfcc5a31ce7e762dbaadc5e636444"

has-ansi@^2.0.0:
  version "2.0.0"
  resolved "https://registry.yarnpkg.com/has-ansi/-/has-ansi-2.0.0.tgz#34f5049ce1ecdf2b0649af3ef24e45ed35416d91"
  dependencies:
    ansi-regex "^2.0.0"

is@^3.2.0:
  version "3.2.1"
  resolved "https://registry.yarnpkg.com/is/-/is-3.2.1.tgz#d0ac2ad55eb7b0bec926a5266f6c662aaa83dca5"

json-stringify-safe@^5.0:
  version "5.0.1"
  resolved "https://registry.yarnpkg.com/json-stringify-safe/-/json-stringify-safe-5.0.1.tgz#1296a2d58fd45f19a0f6ce01d65701e2c735b6eb"

lodash.findindex@^4.4.0:
  version "4.6.0"
  resolved "https://registry.yarnpkg.com/lodash.findindex/-/lodash.findindex-4.6.0.tgz#a3245dee61fb9b6e0624b535125624bb69c11106"

lodash.get@^4.4.2:
  version "4.4.2"
  resolved "https://registry.yarnpkg.com/lodash.get/-/lodash.get-4.4.2.tgz#2d177f652fa31e939b4438d5341499dfa3825e99"

lodash.isempty@^4.4.0:
  version "4.4.0"
  resolved "https://registry.yarnpkg.com/lodash.isempty/-/lodash.isempty-4.4.0.tgz#6f86cbedd8be4ec987be9aaf33c9684db1b31e7e"

lodash.isequal@^4.0.0:
  version "4.5.0"
  resolved "https://registry.yarnpkg.com/lodash.isequal/-/lodash.isequal-4.5.0.tgz#415c4478f2bcc30120c22ce10ed3226f7d3e18e0"

lodash.merge@^4.6.0:
  version "4.6.0"
  resolved "https://registry.yarnpkg.com/lodash.merge/-/lodash.merge-4.6.0.tgz#69884ba144ac33fe699737a6086deffadd0f89c5"

lodash.trimend@^4.5.1:
  version "4.5.1"
  resolved "https://registry.yarnpkg.com/lodash.trimend/-/lodash.trimend-4.5.1.tgz#12804437286b98cad8996b79414e11300114082f"

lodash@2.4.2:
  version "2.4.2"
  resolved "https://registry.yarnpkg.com/lodash/-/lodash-2.4.2.tgz#fadd834b9683073da179b3eae6d9c0d15053f73e"

lodash@^4.14.0:
  version "4.17.4"
  resolved "https://registry.yarnpkg.com/lodash/-/lodash-4.17.4.tgz#78203a4d1c328ae1d86dca6460e369b57f4055ae"

methods@^1.1.1:
  version "1.1.2"
  resolved "https://registry.yarnpkg.com/methods/-/methods-1.1.2.tgz#5529a4d67654134edcc5266656835b0f851afcee"

ms@2.0.0:
  version "2.0.0"
  resolved "https://registry.yarnpkg.com/ms/-/ms-2.0.0.tgz#5608aeadfc00be6c2901df5f9861788de0d597c8"

object-path@^0.11.4:
  version "0.11.4"
  resolved "https://registry.yarnpkg.com/object-path/-/object-path-0.11.4.tgz#370ae752fbf37de3ea70a861c23bba8915691949"

pmx@*:
  version "1.5.4"
  resolved "https://registry.yarnpkg.com/pmx/-/pmx-1.5.4.tgz#27d71c54e727b5186485545b9c70c21eabc81c0f"
  dependencies:
    debug "^3"
    json-stringify-safe "^5.0"
    vxx "^1.2.0"

semver@^5.0.1, semver@^5.3.0:
  version "5.4.1"
  resolved "https://registry.yarnpkg.com/semver/-/semver-5.4.1.tgz#e059c09d8571f0540823733433505d3a2f00b18e"

shimmer@1.0.0:
  version "1.0.0"
  resolved "https://registry.yarnpkg.com/shimmer/-/shimmer-1.0.0.tgz#49c2d71c678360b802be18b278382d1cbb805c39"

shimmer@^1.0.0, shimmer@^1.1.0:
  version "1.1.0"
  resolved "https://registry.yarnpkg.com/shimmer/-/shimmer-1.1.0.tgz#97d7377137ffbbab425522e429fe0aa89a488b35"

strip-ansi@^3.0.0:
  version "3.0.1"
  resolved "https://registry.yarnpkg.com/strip-ansi/-/strip-ansi-3.0.1.tgz#6a385fb8853d952d5ff05d0e8aaf94278dc63dcf"
  dependencies:
    ansi-regex "^2.0.0"

supports-color@^2.0.0:
  version "2.0.0"
  resolved "https://registry.yarnpkg.com/supports-color/-/supports-color-2.0.0.tgz#535d045ce6b6363fa40117084629995e9df324c7"

uuid@^3.0.1:
  version "3.1.0"
  resolved "https://registry.yarnpkg.com/uuid/-/uuid-3.1.0.tgz#3dd3d3e790abc24d7b0d3a034ffababe28ebbc04"

vxx@^1.2.0:
  version "1.2.2"
  resolved "https://registry.yarnpkg.com/vxx/-/vxx-1.2.2.tgz#741fb51c6f11d3383da6f9b92018a5d7ba807611"
  dependencies:
    continuation-local-storage "^3.1.4"
    debug "^2.6.3"
    extend "^3.0.0"
    is "^3.2.0"
    lodash.findindex "^4.4.0"
    lodash.isequal "^4.0.0"
    lodash.merge "^4.6.0"
    methods "^1.1.1"
    semver "^5.0.1"
    shimmer "^1.0.0"
    uuid "^3.0.1"
